# THIS IS AN AUTOGENERATED FILE. DO NOT EDIT THIS FILE DIRECTLY.
# yarn lockfile v1


phosphor-icons@^1.4.2:
  version "1.4.2"
  resolved "https://registry.yarnpkg.com/phosphor-icons/-/phosphor-icons-1.4.2.tgz#49f4547769470d2d1007c5ee28f99c7b29dd5f0f"
  integrity sha512-vDyuRWLSEb87dxpoOGpP1GCjr/TFzA0Ljt0TtJcwXO7/iPdSZW0e/2m1jsANH1ML5ZyZXcjeWx6pzT0A0tgYDA==
